// !$*UTF8*$!
{
	archiveVersion = 1;
	classes = {
	};
	objectVersion = 50;
	objects = {

/* Begin PBXBuildFile section */
		0113347B2338D0B70068321F /* AppDelegate.swift in Sources */ = {isa = PBXBuildFile; fileRef = 0113347A2338D0B70068321F /* AppDelegate.swift */; };
		0113347D2338D0B70068321F /* SceneDelegate.swift in Sources */ = {isa = PBXBuildFile; fileRef = 0113347C2338D0B70068321F /* SceneDelegate.swift */; };
		0113347F2338D0B70068321F /* ViewController.swift in Sources */ = {isa = PBXBuildFile; fileRef = 0113347E2338D0B70068321F /* ViewController.swift */; };
		011334822338D0B70068321F /* Main.storyboard in Resources */ = {isa = PBXBuildFile; fileRef = 011334802338D0B70068321F /* Main.storyboard */; };
		011334842338D0B80068321F /* Assets.xcassets in Resources */ = {isa = PBXBuildFile; fileRef = 011334832338D0B80068321F /* Assets.xcassets */; };
		011334872338D0B80068321F /* LaunchScreen.storyboard in Resources */ = {isa = PBXBuildFile; fileRef = 011334852338D0B80068321F /* LaunchScreen.storyboard */; };
		011334922338D0B80068321F /* FoodTrackerTests.swift in Sources */ = {isa = PBXBuildFile; fileRef = 011334912338D0B80068321F /* FoodTrackerTests.swift */; };
		0124321E234B31C800D88EA8 /* Reader.swift in Sources */ = {isa = PBXBuildFile; fileRef = 0124321D234B31C800D88EA8 /* Reader.swift */; };
		01243220234B3AE500D88EA8 /* DataService.swift in Sources */ = {isa = PBXBuildFile; fileRef = 0124321F234B3AE500D88EA8 /* DataService.swift */; };
		0145C0F52355A25000EDD90A /* CustomerTableViewCell.swift in Sources */ = {isa = PBXBuildFile; fileRef = 0145C0F42355A25000EDD90A /* CustomerTableViewCell.swift */; };
		0145C0FB2355BD9700EDD90A /* CustomerTableViewController.swift in Sources */ = {isa = PBXBuildFile; fileRef = 0145C0FA2355BD9700EDD90A /* CustomerTableViewController.swift */; };
		0145C0FD2355DA3600EDD90A /* PagingInfo.swift in Sources */ = {isa = PBXBuildFile; fileRef = 0145C0FC2355DA3600EDD90A /* PagingInfo.swift */; };
		0164C86A234D9C630003F566 /* Parameter.swift in Sources */ = {isa = PBXBuildFile; fileRef = 0164C869234D9C630003F566 /* Parameter.swift */; };
		0164C86C234D9C780003F566 /* Body.swift in Sources */ = {isa = PBXBuildFile; fileRef = 0164C86B234D9C780003F566 /* Body.swift */; };
		0164C86E234D9D230003F566 /* HttpMethod.swift in Sources */ = {isa = PBXBuildFile; fileRef = 0164C86D234D9D230003F566 /* HttpMethod.swift */; };
		0164C870234F084B0003F566 /* Customer.swift in Sources */ = {isa = PBXBuildFile; fileRef = 0164C86F234F084B0003F566 /* Customer.swift */; };
		0164C872234F08580003F566 /* Response.swift in Sources */ = {isa = PBXBuildFile; fileRef = 0164C871234F08580003F566 /* Response.swift */; };
		0164C874234F08B90003F566 /* DataParseable.swift in Sources */ = {isa = PBXBuildFile; fileRef = 0164C873234F08B90003F566 /* DataParseable.swift */; };
		0164C876234F08D60003F566 /* ParserError.swift in Sources */ = {isa = PBXBuildFile; fileRef = 0164C875234F08D60003F566 /* ParserError.swift */; };
		0164C878234F10E80003F566 /* RequestError.swift in Sources */ = {isa = PBXBuildFile; fileRef = 0164C877234F10E80003F566 /* RequestError.swift */; };
		0164C87B234F16170003F566 /* Date+ISO8601.swift in Sources */ = {isa = PBXBuildFile; fileRef = 0164C87A234F16170003F566 /* Date+ISO8601.swift */; };
		0164C882234F27850003F566 /* HttpMethod+StringValue.swift in Sources */ = {isa = PBXBuildFile; fileRef = 0164C881234F27850003F566 /* HttpMethod+StringValue.swift */; };
		0164C884234F3C3B0003F566 /* Token.swift in Sources */ = {isa = PBXBuildFile; fileRef = 0164C883234F3C3B0003F566 /* Token.swift */; };
		0164C887234F3EEC0003F566 /* HttpStatusError.swift in Sources */ = {isa = PBXBuildFile; fileRef = 0164C886234F3EEC0003F566 /* HttpStatusError.swift */; };
		01AE3D3F23508D4000163603 /* ErrorResponse.swift in Sources */ = {isa = PBXBuildFile; fileRef = 01AE3D3E23508D4000163603 /* ErrorResponse.swift */; };
		01AE3D432354618500163603 /* Settings.swift in Sources */ = {isa = PBXBuildFile; fileRef = 01AE3D422354618500163603 /* Settings.swift */; };
/* End PBXBuildFile section */

/* Begin PBXContainerItemProxy section */
		0113348E2338D0B80068321F /* PBXContainerItemProxy */ = {
			isa = PBXContainerItemProxy;
			containerPortal = 0113346F2338D0B70068321F /* Project object */;
			proxyType = 1;
			remoteGlobalIDString = 011334762338D0B70068321F;
			remoteInfo = FoodTracker;
		};
/* End PBXContainerItemProxy section */

/* Begin PBXFileReference section */
		011334772338D0B70068321F /* FoodTracker.app */ = {isa = PBXFileReference; explicitFileType = wrapper.application; includeInIndex = 0; path = FoodTracker.app; sourceTree = BUILT_PRODUCTS_DIR; };
		0113347A2338D0B70068321F /* AppDelegate.swift */ = {isa = PBXFileReference; lastKnownFileType = sourcecode.swift; path = AppDelegate.swift; sourceTree = "<group>"; };
		0113347C2338D0B70068321F /* SceneDelegate.swift */ = {isa = PBXFileReference; lastKnownFileType = sourcecode.swift; path = SceneDelegate.swift; sourceTree = "<group>"; };
		0113347E2338D0B70068321F /* ViewController.swift */ = {isa = PBXFileReference; lastKnownFileType = sourcecode.swift; path = ViewController.swift; sourceTree = "<group>"; };
		011334812338D0B70068321F /* Base */ = {isa = PBXFileReference; lastKnownFileType = file.storyboard; name = Base; path = Base.lproj/Main.storyboard; sourceTree = "<group>"; };
		011334832338D0B80068321F /* Assets.xcassets */ = {isa = PBXFileReference; lastKnownFileType = folder.assetcatalog; path = Assets.xcassets; sourceTree = "<group>"; };
		011334862338D0B80068321F /* Base */ = {isa = PBXFileReference; lastKnownFileType = file.storyboard; name = Base; path = Base.lproj/LaunchScreen.storyboard; sourceTree = "<group>"; };
		011334882338D0B80068321F /* Info.plist */ = {isa = PBXFileReference; lastKnownFileType = text.plist.xml; path = Info.plist; sourceTree = "<group>"; };
		0113348D2338D0B80068321F /* FoodTrackerTests.xctest */ = {isa = PBXFileReference; explicitFileType = wrapper.cfbundle; includeInIndex = 0; path = FoodTrackerTests.xctest; sourceTree = BUILT_PRODUCTS_DIR; };
		011334912338D0B80068321F /* FoodTrackerTests.swift */ = {isa = PBXFileReference; lastKnownFileType = sourcecode.swift; path = FoodTrackerTests.swift; sourceTree = "<group>"; };
		011334932338D0B80068321F /* Info.plist */ = {isa = PBXFileReference; lastKnownFileType = text.plist.xml; path = Info.plist; sourceTree = "<group>"; };
		0124321D234B31C800D88EA8 /* Reader.swift */ = {isa = PBXFileReference; lastKnownFileType = sourcecode.swift; path = Reader.swift; sourceTree = "<group>"; };
		0124321F234B3AE500D88EA8 /* DataService.swift */ = {isa = PBXFileReference; lastKnownFileType = sourcecode.swift; path = DataService.swift; sourceTree = "<group>"; };
		0145C0F42355A25000EDD90A /* CustomerTableViewCell.swift */ = {isa = PBXFileReference; lastKnownFileType = sourcecode.swift; path = CustomerTableViewCell.swift; sourceTree = "<group>"; };
		0145C0FA2355BD9700EDD90A /* CustomerTableViewController.swift */ = {isa = PBXFileReference; lastKnownFileType = sourcecode.swift; path = CustomerTableViewController.swift; sourceTree = "<group>"; };
		0145C0FC2355DA3600EDD90A /* PagingInfo.swift */ = {isa = PBXFileReference; lastKnownFileType = sourcecode.swift; path = PagingInfo.swift; sourceTree = "<group>"; };
		0164C869234D9C630003F566 /* Parameter.swift */ = {isa = PBXFileReference; lastKnownFileType = sourcecode.swift; path = Parameter.swift; sourceTree = "<group>"; };
		0164C86B234D9C780003F566 /* Body.swift */ = {isa = PBXFileReference; lastKnownFileType = sourcecode.swift; path = Body.swift; sourceTree = "<group>"; };
		0164C86D234D9D230003F566 /* HttpMethod.swift */ = {isa = PBXFileReference; lastKnownFileType = sourcecode.swift; path = HttpMethod.swift; sourceTree = "<group>"; };
		0164C86F234F084B0003F566 /* Customer.swift */ = {isa = PBXFileReference; lastKnownFileType = sourcecode.swift; path = Customer.swift; sourceTree = "<group>"; };
		0164C871234F08580003F566 /* Response.swift */ = {isa = PBXFileReference; lastKnownFileType = sourcecode.swift; path = Response.swift; sourceTree = "<group>"; };
		0164C873234F08B90003F566 /* DataParseable.swift */ = {isa = PBXFileReference; lastKnownFileType = sourcecode.swift; path = DataParseable.swift; sourceTree = "<group>"; };
		0164C875234F08D60003F566 /* ParserError.swift */ = {isa = PBXFileReference; lastKnownFileType = sourcecode.swift; path = ParserError.swift; sourceTree = "<group>"; };
		0164C877234F10E80003F566 /* RequestError.swift */ = {isa = PBXFileReference; lastKnownFileType = sourcecode.swift; path = RequestError.swift; sourceTree = "<group>"; };
		0164C87A234F16170003F566 /* Date+ISO8601.swift */ = {isa = PBXFileReference; lastKnownFileType = sourcecode.swift; path = "Date+ISO8601.swift"; sourceTree = "<group>"; };
		0164C881234F27850003F566 /* HttpMethod+StringValue.swift */ = {isa = PBXFileReference; lastKnownFileType = sourcecode.swift; path = "HttpMethod+StringValue.swift"; sourceTree = "<group>"; };
		0164C883234F3C3B0003F566 /* Token.swift */ = {isa = PBXFileReference; lastKnownFileType = sourcecode.swift; path = Token.swift; sourceTree = "<group>"; };
		0164C886234F3EEC0003F566 /* HttpStatusError.swift */ = {isa = PBXFileReference; lastKnownFileType = sourcecode.swift; path = HttpStatusError.swift; sourceTree = "<group>"; };
		01AE3D3E23508D4000163603 /* ErrorResponse.swift */ = {isa = PBXFileReference; lastKnownFileType = sourcecode.swift; path = ErrorResponse.swift; sourceTree = "<group>"; };
		01AE3D422354618500163603 /* Settings.swift */ = {isa = PBXFileReference; lastKnownFileType = sourcecode.swift; path = Settings.swift; sourceTree = "<group>"; };
/* End PBXFileReference section */

/* Begin PBXFrameworksBuildPhase section */
		011334742338D0B70068321F /* Frameworks */ = {
			isa = PBXFrameworksBuildPhase;
			buildActionMask = 2147483647;
			files = (
			);
			runOnlyForDeploymentPostprocessing = 0;
		};
		0113348A2338D0B80068321F /* Frameworks */ = {
			isa = PBXFrameworksBuildPhase;
			buildActionMask = 2147483647;
			files = (
			);
			runOnlyForDeploymentPostprocessing = 0;
		};
/* End PBXFrameworksBuildPhase section */

/* Begin PBXGroup section */
		0113346E2338D0B70068321F = {
			isa = PBXGroup;
			children = (
				011334792338D0B70068321F /* FoodTracker */,
				011334902338D0B80068321F /* FoodTrackerTests */,
				011334782338D0B70068321F /* Products */,
			);
			sourceTree = "<group>";
		};
		011334782338D0B70068321F /* Products */ = {
			isa = PBXGroup;
			children = (
				011334772338D0B70068321F /* FoodTracker.app */,
				0113348D2338D0B80068321F /* FoodTrackerTests.xctest */,
			);
			name = Products;
			sourceTree = "<group>";
		};
		011334792338D0B70068321F /* FoodTracker */ = {
			isa = PBXGroup;
			children = (
				01AE3D412354613600163603 /* ViewControllers */,
				01AE3D402354610700163603 /* Services */,
				0164C885234F3E220003F566 /* Error */,
				0164C879234F15520003F566 /* Extension */,
				0164C868234D9C460003F566 /* Model */,
				0113347A2338D0B70068321F /* AppDelegate.swift */,
				0113347C2338D0B70068321F /* SceneDelegate.swift */,
				011334802338D0B70068321F /* Main.storyboard */,
				011334832338D0B80068321F /* Assets.xcassets */,
				011334852338D0B80068321F /* LaunchScreen.storyboard */,
				011334882338D0B80068321F /* Info.plist */,
			);
			path = FoodTracker;
			sourceTree = "<group>";
		};
		011334902338D0B80068321F /* FoodTrackerTests */ = {
			isa = PBXGroup;
			children = (
				011334912338D0B80068321F /* FoodTrackerTests.swift */,
				011334932338D0B80068321F /* Info.plist */,
			);
			path = FoodTrackerTests;
			sourceTree = "<group>";
		};
		0164C868234D9C460003F566 /* Model */ = {
			isa = PBXGroup;
			children = (
				0164C869234D9C630003F566 /* Parameter.swift */,
				0164C86B234D9C780003F566 /* Body.swift */,
				0164C873234F08B90003F566 /* DataParseable.swift */,
				0164C86D234D9D230003F566 /* HttpMethod.swift */,
				0164C86F234F084B0003F566 /* Customer.swift */,
				0164C871234F08580003F566 /* Response.swift */,
				0164C883234F3C3B0003F566 /* Token.swift */,
				01AE3D3E23508D4000163603 /* ErrorResponse.swift */,
				0145C0FC2355DA3600EDD90A /* PagingInfo.swift */,
			);
			path = Model;
			sourceTree = "<group>";
		};
		0164C879234F15520003F566 /* Extension */ = {
			isa = PBXGroup;
			children = (
				0164C87A234F16170003F566 /* Date+ISO8601.swift */,
				0164C881234F27850003F566 /* HttpMethod+StringValue.swift */,
			);
			path = Extension;
			sourceTree = "<group>";
		};
		0164C885234F3E220003F566 /* Error */ = {
			isa = PBXGroup;
			children = (
				0164C877234F10E80003F566 /* RequestError.swift */,
				0164C875234F08D60003F566 /* ParserError.swift */,
				0164C886234F3EEC0003F566 /* HttpStatusError.swift */,
			);
			path = Error;
			sourceTree = "<group>";
		};
		01AE3D402354610700163603 /* Services */ = {
			isa = PBXGroup;
			children = (
				0124321D234B31C800D88EA8 /* Reader.swift */,
				0124321F234B3AE500D88EA8 /* DataService.swift */,
				01AE3D422354618500163603 /* Settings.swift */,
			);
			path = Services;
			sourceTree = "<group>";
		};
		01AE3D412354613600163603 /* ViewControllers */ = {
			isa = PBXGroup;
			children = (
				0145C0FA2355BD9700EDD90A /* CustomerTableViewController.swift */,
				0113347E2338D0B70068321F /* ViewController.swift */,
				0145C0F42355A25000EDD90A /* CustomerTableViewCell.swift */,
			);
			path = ViewControllers;
			sourceTree = "<group>";
		};
/* End PBXGroup section */

/* Begin PBXNativeTarget section */
		011334762338D0B70068321F /* FoodTracker */ = {
			isa = PBXNativeTarget;
			buildConfigurationList = 011334962338D0B80068321F /* Build configuration list for PBXNativeTarget "FoodTracker" */;
			buildPhases = (
				011334732338D0B70068321F /* Sources */,
				011334742338D0B70068321F /* Frameworks */,
				011334752338D0B70068321F /* Resources */,
			);
			buildRules = (
			);
			dependencies = (
			);
			name = FoodTracker;
			productName = FoodTracker;
			productReference = 011334772338D0B70068321F /* FoodTracker.app */;
			productType = "com.apple.product-type.application";
		};
		0113348C2338D0B80068321F /* FoodTrackerTests */ = {
			isa = PBXNativeTarget;
			buildConfigurationList = 011334992338D0B80068321F /* Build configuration list for PBXNativeTarget "FoodTrackerTests" */;
			buildPhases = (
				011334892338D0B80068321F /* Sources */,
				0113348A2338D0B80068321F /* Frameworks */,
				0113348B2338D0B80068321F /* Resources */,
			);
			buildRules = (
			);
			dependencies = (
				0113348F2338D0B80068321F /* PBXTargetDependency */,
			);
			name = FoodTrackerTests;
			productName = FoodTrackerTests;
			productReference = 0113348D2338D0B80068321F /* FoodTrackerTests.xctest */;
			productType = "com.apple.product-type.bundle.unit-test";
		};
/* End PBXNativeTarget section */

/* Begin PBXProject section */
		0113346F2338D0B70068321F /* Project object */ = {
			isa = PBXProject;
			attributes = {
				LastSwiftUpdateCheck = 1100;
				LastUpgradeCheck = 1100;
				ORGANIZATIONNAME = "Hung Dao";
				TargetAttributes = {
					011334762338D0B70068321F = {
						CreatedOnToolsVersion = 11.0;
					};
					0113348C2338D0B80068321F = {
						CreatedOnToolsVersion = 11.0;
						TestTargetID = 011334762338D0B70068321F;
					};
				};
			};
			buildConfigurationList = 011334722338D0B70068321F /* Build configuration list for PBXProject "FoodTracker" */;
			compatibilityVersion = "Xcode 9.3";
			developmentRegion = en;
			hasScannedForEncodings = 0;
			knownRegions = (
				en,
				Base,
			);
			mainGroup = 0113346E2338D0B70068321F;
			productRefGroup = 011334782338D0B70068321F /* Products */;
			projectDirPath = "";
			projectRoot = "";
			targets = (
				011334762338D0B70068321F /* FoodTracker */,
				0113348C2338D0B80068321F /* FoodTrackerTests */,
			);
		};
/* End PBXProject section */

/* Begin PBXResourcesBuildPhase section */
		011334752338D0B70068321F /* Resources */ = {
			isa = PBXResourcesBuildPhase;
			buildActionMask = 2147483647;
			files = (
				011334872338D0B80068321F /* LaunchScreen.storyboard in Resources */,
				011334842338D0B80068321F /* Assets.xcassets in Resources */,
				011334822338D0B70068321F /* Main.storyboard in Resources */,
			);
			runOnlyForDeploymentPostprocessing = 0;
		};
		0113348B2338D0B80068321F /* Resources */ = {
			isa = PBXResourcesBuildPhase;
			buildActionMask = 2147483647;
			files = (
			);
			runOnlyForDeploymentPostprocessing = 0;
		};
/* End PBXResourcesBuildPhase section */

/* Begin PBXSourcesBuildPhase section */
		011334732338D0B70068321F /* Sources */ = {
			isa = PBXSourcesBuildPhase;
			buildActionMask = 2147483647;
			files = (
				0113347F2338D0B70068321F /* ViewController.swift in Sources */,
				0164C870234F084B0003F566 /* Customer.swift in Sources */,
				0145C0FB2355BD9700EDD90A /* CustomerTableViewController.swift in Sources */,
				0164C882234F27850003F566 /* HttpMethod+StringValue.swift in Sources */,
				0164C876234F08D60003F566 /* ParserError.swift in Sources */,
				0113347B2338D0B70068321F /* AppDelegate.swift in Sources */,
				0164C874234F08B90003F566 /* DataParseable.swift in Sources */,
				0124321E234B31C800D88EA8 /* Reader.swift in Sources */,
				0145C0F52355A25000EDD90A /* CustomerTableViewCell.swift in Sources */,
				0145C0FD2355DA3600EDD90A /* PagingInfo.swift in Sources */,
				0164C887234F3EEC0003F566 /* HttpStatusError.swift in Sources */,
				0164C884234F3C3B0003F566 /* Token.swift in Sources */,
				0164C86C234D9C780003F566 /* Body.swift in Sources */,
				0164C86E234D9D230003F566 /* HttpMethod.swift in Sources */,
				0164C87B234F16170003F566 /* Date+ISO8601.swift in Sources */,
				01243220234B3AE500D88EA8 /* DataService.swift in Sources */,
				01AE3D432354618500163603 /* Settings.swift in Sources */,
				0164C878234F10E80003F566 /* RequestError.swift in Sources */,
				0164C872234F08580003F566 /* Response.swift in Sources */,
				01AE3D3F23508D4000163603 /* ErrorResponse.swift in Sources */,
				0113347D2338D0B70068321F /* SceneDelegate.swift in Sources */,
				0164C86A234D9C630003F566 /* Parameter.swift in Sources */,
			);
			runOnlyForDeploymentPostprocessing = 0;
		};
		011334892338D0B80068321F /* Sources */ = {
			isa = PBXSourcesBuildPhase;
			buildActionMask = 2147483647;
			files = (
				011334922338D0B80068321F /* FoodTrackerTests.swift in Sources */,
			);
			runOnlyForDeploymentPostprocessing = 0;
		};
/* End PBXSourcesBuildPhase section */

/* Begin PBXTargetDependency section */
		0113348F2338D0B80068321F /* PBXTargetDependency */ = {
			isa = PBXTargetDependency;
			target = 011334762338D0B70068321F /* FoodTracker */;
			targetProxy = 0113348E2338D0B80068321F /* PBXContainerItemProxy */;
		};
/* End PBXTargetDependency section */

/* Begin PBXVariantGroup section */
		011334802338D0B70068321F /* Main.storyboard */ = {
			isa = PBXVariantGroup;
			children = (
				011334812338D0B70068321F /* Base */,
			);
			name = Main.storyboard;
			sourceTree = "<group>";
		};
		011334852338D0B80068321F /* LaunchScreen.storyboard */ = {
			isa = PBXVariantGroup;
			children = (
				011334862338D0B80068321F /* Base */,
			);
			name = LaunchScreen.storyboard;
			sourceTree = "<group>";
		};
/* End PBXVariantGroup section */

/* Begin XCBuildConfiguration section */
		011334942338D0B80068321F /* Debug */ = {
			isa = XCBuildConfiguration;
			buildSettings = {
				ALWAYS_SEARCH_USER_PATHS = NO;
				CLANG_ANALYZER_NONNULL = YES;
				CLANG_ANALYZER_NUMBER_OBJECT_CONVERSION = YES_AGGRESSIVE;
				CLANG_CXX_LANGUAGE_STANDARD = "gnu++14";
				CLANG_CXX_LIBRARY = "libc++";
				CLANG_ENABLE_MODULES = YES;
				CLANG_ENABLE_OBJC_ARC = YES;
				CLANG_ENABLE_OBJC_WEAK = YES;
				CLANG_WARN_BLOCK_CAPTURE_AUTORELEASING = YES;
				CLANG_WARN_BOOL_CONVERSION = YES;
				CLANG_WARN_COMMA = YES;
				CLANG_WARN_CONSTANT_CONVERSION = YES;
				CLANG_WARN_DEPRECATED_OBJC_IMPLEMENTATIONS = YES;
				CLANG_WARN_DIRECT_OBJC_ISA_USAGE = YES_ERROR;
				CLANG_WARN_DOCUMENTATION_COMMENTS = YES;
				CLANG_WARN_EMPTY_BODY = YES;
				CLANG_WARN_ENUM_CONVERSION = YES;
				CLANG_WARN_INFINITE_RECURSION = YES;
				CLANG_WARN_INT_CONVERSION = YES;
				CLANG_WARN_NON_LITERAL_NULL_CONVERSION = YES;
				CLANG_WARN_OBJC_IMPLICIT_RETAIN_SELF = YES;
				CLANG_WARN_OBJC_LITERAL_CONVERSION = YES;
				CLANG_WARN_OBJC_ROOT_CLASS = YES_ERROR;
				CLANG_WARN_RANGE_LOOP_ANALYSIS = YES;
				CLANG_WARN_STRICT_PROTOTYPES = YES;
				CLANG_WARN_SUSPICIOUS_MOVE = YES;
				CLANG_WARN_UNGUARDED_AVAILABILITY = YES_AGGRESSIVE;
				CLANG_WARN_UNREACHABLE_CODE = YES;
				CLANG_WARN__DUPLICATE_METHOD_MATCH = YES;
				COPY_PHASE_STRIP = NO;
				DEBUG_INFORMATION_FORMAT = dwarf;
				ENABLE_STRICT_OBJC_MSGSEND = YES;
				ENABLE_TESTABILITY = YES;
				GCC_C_LANGUAGE_STANDARD = gnu11;
				GCC_DYNAMIC_NO_PIC = NO;
				GCC_NO_COMMON_BLOCKS = YES;
				GCC_OPTIMIZATION_LEVEL = 0;
				GCC_PREPROCESSOR_DEFINITIONS = (
					"DEBUG=1",
					"$(inherited)",
				);
				GCC_WARN_64_TO_32_BIT_CONVERSION = YES;
				GCC_WARN_ABOUT_RETURN_TYPE = YES_ERROR;
				GCC_WARN_UNDECLARED_SELECTOR = YES;
				GCC_WARN_UNINITIALIZED_AUTOS = YES_AGGRESSIVE;
				GCC_WARN_UNUSED_FUNCTION = YES;
				GCC_WARN_UNUSED_VARIABLE = YES;
				IPHONEOS_DEPLOYMENT_TARGET = 13.0;
				MTL_ENABLE_DEBUG_INFO = INCLUDE_SOURCE;
				MTL_FAST_MATH = YES;
				ONLY_ACTIVE_ARCH = YES;
				SDKROOT = iphoneos;
				SWIFT_ACTIVE_COMPILATION_CONDITIONS = DEBUG;
				SWIFT_OPTIMIZATION_LEVEL = "-Onone";
			};
			name = Debug;
		};
		011334952338D0B80068321F /* Release */ = {
			isa = XCBuildConfiguration;
			buildSettings = {
				ALWAYS_SEARCH_USER_PATHS = NO;
				CLANG_ANALYZER_NONNULL = YES;
				CLANG_ANALYZER_NUMBER_OBJECT_CONVERSION = YES_AGGRESSIVE;
				CLANG_CXX_LANGUAGE_STANDARD = "gnu++14";
				CLANG_CXX_LIBRARY = "libc++";
				CLANG_ENABLE_MODULES = YES;
				CLANG_ENABLE_OBJC_ARC = YES;
				CLANG_ENABLE_OBJC_WEAK = YES;
				CLANG_WARN_BLOCK_CAPTURE_AUTORELEASING = YES;
				CLANG_WARN_BOOL_CONVERSION = YES;
				CLANG_WARN_COMMA = YES;
				CLANG_WARN_CONSTANT_CONVERSION = YES;
				CLANG_WARN_DEPRECATED_OBJC_IMPLEMENTATIONS = YES;
				CLANG_WARN_DIRECT_OBJC_ISA_USAGE = YES_ERROR;
				CLANG_WARN_DOCUMENTATION_COMMENTS = YES;
				CLANG_WARN_EMPTY_BODY = YES;
				CLANG_WARN_ENUM_CONVERSION = YES;
				CLANG_WARN_INFINITE_RECURSION = YES;
				CLANG_WARN_INT_CONVERSION = YES;
				CLANG_WARN_NON_LITERAL_NULL_CONVERSION = YES;
				CLANG_WARN_OBJC_IMPLICIT_RETAIN_SELF = YES;
				CLANG_WARN_OBJC_LITERAL_CONVERSION = YES;
				CLANG_WARN_OBJC_ROOT_CLASS = YES_ERROR;
				CLANG_WARN_RANGE_LOOP_ANALYSIS = YES;
				CLANG_WARN_STRICT_PROTOTYPES = YES;
				CLANG_WARN_SUSPICIOUS_MOVE = YES;
				CLANG_WARN_UNGUARDED_AVAILABILITY = YES_AGGRESSIVE;
				CLANG_WARN_UNREACHABLE_CODE = YES;
				CLANG_WARN__DUPLICATE_METHOD_MATCH = YES;
				COPY_PHASE_STRIP = NO;
				DEBUG_INFORMATION_FORMAT = "dwarf-with-dsym";
				ENABLE_NS_ASSERTIONS = NO;
				ENABLE_STRICT_OBJC_MSGSEND = YES;
				GCC_C_LANGUAGE_STANDARD = gnu11;
				GCC_NO_COMMON_BLOCKS = YES;
				GCC_WARN_64_TO_32_BIT_CONVERSION = YES;
				GCC_WARN_ABOUT_RETURN_TYPE = YES_ERROR;
				GCC_WARN_UNDECLARED_SELECTOR = YES;
				GCC_WARN_UNINITIALIZED_AUTOS = YES_AGGRESSIVE;
				GCC_WARN_UNUSED_FUNCTION = YES;
				GCC_WARN_UNUSED_VARIABLE = YES;
				IPHONEOS_DEPLOYMENT_TARGET = 13.0;
				MTL_ENABLE_DEBUG_INFO = NO;
				MTL_FAST_MATH = YES;
				SDKROOT = iphoneos;
				SWIFT_COMPILATION_MODE = wholemodule;
				SWIFT_OPTIMIZATION_LEVEL = "-O";
				VALIDATE_PRODUCT = YES;
			};
			name = Release;
		};
		011334972338D0B80068321F /* Debug */ = {
			isa = XCBuildConfiguration;
			buildSettings = {
				ASSETCATALOG_COMPILER_APPICON_NAME = AppIcon;
				CODE_SIGN_STYLE = Automatic;
				DEVELOPMENT_TEAM = 498C49XV39;
				INFOPLIST_FILE = FoodTracker/Info.plist;
				LD_RUNPATH_SEARCH_PATHS = (
					"$(inherited)",
					"@executable_path/Frameworks",
				);
				PRODUCT_BUNDLE_IDENTIFIER = com.HungDao.FoodTracker;
				PRODUCT_NAME = "$(TARGET_NAME)";
				SWIFT_VERSION = 5.0;
				TARGETED_DEVICE_FAMILY = "1,2";
			};
			name = Debug;
		};
		011334982338D0B80068321F /* Release */ = {
			isa = XCBuildConfiguration;
			buildSettings = {
				ASSETCATALOG_COMPILER_APPICON_NAME = AppIcon;
				CODE_SIGN_STYLE = Automatic;
				DEVELOPMENT_TEAM = 498C49XV39;
				INFOPLIST_FILE = FoodTracker/Info.plist;
				LD_RUNPATH_SEARCH_PATHS = (
					"$(inherited)",
					"@executable_path/Frameworks",
				);
				PRODUCT_BUNDLE_IDENTIFIER = com.HungDao.FoodTracker;
				PRODUCT_NAME = "$(TARGET_NAME)";
				SWIFT_VERSION = 5.0;
				TARGETED_DEVICE_FAMILY = "1,2";
			};
			name = Release;
		};
		0113349A2338D0B80068321F /* Debug */ = {
			isa = XCBuildConfiguration;
			buildSettings = {
				ALWAYS_EMBED_SWIFT_STANDARD_LIBRARIES = YES;
				BUNDLE_LOADER = "$(TEST_HOST)";
				CODE_SIGN_STYLE = Automatic;
				INFOPLIST_FILE = FoodTrackerTests/Info.plist;
				IPHONEOS_DEPLOYMENT_TARGET = 13.0;
				LD_RUNPATH_SEARCH_PATHS = (
					"$(inherited)",
					"@executable_path/Frameworks",
					"@loader_path/Frameworks",
				);
				PRODUCT_BUNDLE_IDENTIFIER = com.example.FoodTrackerTests;
				PRODUCT_NAME = "$(TARGET_NAME)";
				SWIFT_VERSION = 5.0;
				TARGETED_DEVICE_FAMILY = "1,2";
				TEST_HOST = "$(BUILT_PRODUCTS_DIR)/FoodTracker.app/FoodTracker";
			};
			name = Debug;
		};
		0113349B2338D0B80068321F /* Release */ = {
			isa = XCBuildConfiguration;
			buildSettings = {
				ALWAYS_EMBED_SWIFT_STANDARD_LIBRARIES = YES;
				BUNDLE_LOADER = "$(TEST_HOST)";
				CODE_SIGN_STYLE = Automatic;
				INFOPLIST_FILE = FoodTrackerTests/Info.plist;
				IPHONEOS_DEPLOYMENT_TARGET = 13.0;
				LD_RUNPATH_SEARCH_PATHS = (
					"$(inherited)",
					"@executable_path/Frameworks",
					"@loader_path/Frameworks",
				);
				PRODUCT_BUNDLE_IDENTIFIER = com.example.FoodTrackerTests;
				PRODUCT_NAME = "$(TARGET_NAME)";
				SWIFT_VERSION = 5.0;
				TARGETED_DEVICE_FAMILY = "1,2";
				TEST_HOST = "$(BUILT_PRODUCTS_DIR)/FoodTracker.app/FoodTracker";
			};
			name = Release;
		};
/* End XCBuildConfiguration section */

/* Begin XCConfigurationList section */
		011334722338D0B70068321F /* Build configuration list for PBXProject "FoodTracker" */ = {
			isa = XCConfigurationList;
			buildConfigurations = (
				011334942338D0B80068321F /* Debug */,
				011334952338D0B80068321F /* Release */,
			);
			defaultConfigurationIsVisible = 0;
			defaultConfigurationName = Release;
		};
		011334962338D0B80068321F /* Build configuration list for PBXNativeTarget "FoodTracker" */ = {
			isa = XCConfigurationList;
			buildConfigurations = (
				011334972338D0B80068321F /* Debug */,
				011334982338D0B80068321F /* Release */,
			);
			defaultConfigurationIsVisible = 0;
			defaultConfigurationName = Release;
		};
		011334992338D0B80068321F /* Build configuration list for PBXNativeTarget "FoodTrackerTests" */ = {
			isa = XCConfigurationList;
			buildConfigurations = (
				0113349A2338D0B80068321F /* Debug */,
				0113349B2338D0B80068321F /* Release */,
			);
			defaultConfigurationIsVisible = 0;
			defaultConfigurationName = Release;
		};
/* End XCConfigurationList section */
	};
	rootObject = 0113346F2338D0B70068321F /* Project object */;
}
